
Microsoft Visual Studio Solution File, Format Version 11.00
# Visual Studio 2010
Project("{FAE04EC0-301F-11D3-BF4B-00C04F79EFBC}") = "CsTestProject2", "p2\CsTestProject2.csproj", "{5CC52991-689A-476E-B9F6-3448C3E598F6}"
EndProject
Project("{FAE04EC0-301F-11D3-BF4B-00C04F79EFBC}") = "CsTestProject1", "p1\CsTestProject1.csproj", "{717B4B8E-714C-4A52-A61B-F5BC4E655131}"
EndProject
Project("{2150E333-8FDC-42A3-9474-1A3956D46DE8}") = "_References", "_References", "{95374152-F021-4ABB-B317-74A183A89F00}"
EndProject
Global
	GlobalSection(SolutionConfigurationPlatforms) = preSolution
		Debug|Any CPU = Debug|Any CPU
		Release|Any CPU = Release|Any CPU
	EndGlobalSection
	GlobalSection(ProjectConfigurationPlatforms) = postSolution
		{5CC52991-689A-476E-B9F6-3448C3E598F6}.Debug|Any CPU.ActiveCfg = Debug|Any CPU
		{5CC52991-689A-476E-B9F6-3448C3E598F6}.Debug|Any CPU.Build.0 = Debug|Any CPU
		{5CC52991-689A-476E-B9F6-3448C3E598F6}.Release|Any CPU.ActiveCfg = Release|Any CPU
		{5CC52991-689A-476E-B9F6-3448C3E598F6}.Release|Any CPU.Build.0 = Release|Any CPU
		{717B4B8E-714C-4A52-A61B-F5BC4E655131}.Debug|Any CPU.ActiveCfg = Debug|Any CPU
		{717B4B8E-714C-4A52-A61B-F5BC4E655131}.Debug|Any CPU.Build.0 = Debug|Any CPU
		{717B4B8E-714C-4A52-A61B-F5BC4E655131}.Release|Any CPU.ActiveCfg = Release|Any CPU
		{717B4B8E-714C-4A52-A61B-F5BC4E655131}.Release|Any CPU.Build.0 = Release|Any CPU
	EndGlobalSection
	GlobalSection(SolutionProperties) = preSolution
		HideSolutionNode = FALSE
	EndGlobalSection
	GlobalSection(NestedProjects) = preSolution
		{717B4B8E-714C-4A52-A61B-F5BC4E655131} = {95374152-F021-4ABB-B317-74A183A89F00}
	EndGlobalSection
EndGlobal
